{
  "originHash" : "4121d5f63a04e1f9df14d543b4548e087476e74bd1fe7c5af1b807e780d7a2b6",
  "pins" : [
    {
      "identity" : "http",
      "kind" : "remoteSourceControl",
      "location" : "https://github.com/akvilary/http.git",
      "state" : {
        "revision" : "dd3d665a4bd00fc972edde6138d2179bc1fd5b58",
        "version" : "0.1.0"
      }
    }
  ],
  "version" : 3
}
